{
    "_readme": [
        "This file locks the dependencies of your project to a known state",
        "Read more about it at https://getcomposer.org/doc/01-basic-usage.md#installing-dependencies",
        "This file is @generated automatically"
    ],
    "content-hash": "812cd55b2c7ddf3b66334ded099b05b4",
    "packages": [
        {
            "name": "mattketmo/email-checker",
            "version": "2.1.1",
            "source": {
                "type": "git",
                "url": "https://github.com/MattKetmo/EmailChecker.git",
                "reference": "7162c58fbf8cdea557c78aadcb28429ce06a9d8e"
            },
            "dist": {
                "type": "zip",
                "url": "https://api.github.com/repos/MattKetmo/EmailChecker/zipball/7162c58fbf8cdea557c78aadcb28429ce06a9d8e",
                "reference": "7162c58fbf8cdea557c78aadcb28429ce06a9d8e",
                "shasum": ""
            },
            "require": {
                "php": "^7.1 || ^8.0"
            },
            "require-dev": {
                "friendsofphp/php-cs-fixer": "^2.18",
                "illuminate/support": "^5.0 || ^6.0 || ^7.0 || ^8.0",
                "knplabs/gaufrette": "^0.10",
                "phpunit/phpunit": "^7.5 || ^9.5",
                "symfony/validator": "^3.0 || ^4.0 || ^5.0"
            },
            "suggest": {
                "knplabs/gaufrette": "Use filesystem abstraction layer to read data",
                "symfony/validator": "Add validation constraints"
            },
            "type": "library",
            "extra": {
                "laravel": {
                    "providers": [
                        "EmailChecker\\Laravel\\EmailCheckerServiceProvider"
                    ],
                    "aliases": {
                        "EmailChecker": "EmailChecker\\Laravel\\EmailCheckerFacade"
                    }
                }
            },
            "autoload": {
                "psr-4": {
                    "EmailChecker\\": "src/EmailChecker"
                }
            },
            "notification-url": "https://packagist.org/downloads/",
            "license": [
                "MIT"
            ],
            "authors": [
                {
                    "name": "Matthieu Moquet",
                    "email": "matthieu@moquet.net"
                }
            ],
            "description": "Throwaway email detection library",
            "keywords": [
                "check",
                "disposable",
                "email",
                "throwaway"
            ],
            "support": {
                "issues": "https://github.com/MattKetmo/EmailChecker/issues",
                "source": "https://github.com/MattKetmo/EmailChecker/tree/2.1.1"
            },
            "time": "2021-12-30T09:33:05+00:00"
        },
        {
            "name": "vrana/adminer",
            "version": "v4.8.1",
            "source": {
                "type": "git",
                "url": "https://github.com/vrana/adminer.git",
                "reference": "1f173e18bdf0be29182e0d67989df56eadea4754"
            },
            "dist": {
                "type": "zip",
                "url": "https://api.github.com/repos/vrana/adminer/zipball/1f173e18bdf0be29182e0d67989df56eadea4754",
                "reference": "1f173e18bdf0be29182e0d67989df56eadea4754",
                "shasum": ""
            },
            "type": "library",
            "autoload": {
                "classmap": [
                    "plugins/"
                ]
            },
            "notification-url": "https://packagist.org/downloads/",
            "license": [
                "Apache-2.0",
                "GPL-2.0-only"
            ],
            "authors": [
                {
                    "name": "Jakub Vrána",
                    "homepage": "https://www.vrana.cz/"
                }
            ],
            "description": "Database management in a single PHP file.",
            "homepage": "https://www.adminer.org/",
            "keywords": [
                "database"
            ],
            "support": {
                "forum": "https://sourceforge.net/p/adminer/discussion/",
                "issues": "https://sourceforge.net/p/adminer/bugs-and-features/",
                "source": "https://github.com/vrana/adminer/"
            },
            "funding": [
                {
                    "url": "https://sourceforge.net/p/adminer/donate/",
                    "type": "custom"
                },
                {
                    "url": "https://www.patreon.com/jakubvrana",
                    "type": "patreon"
                }
            ],
            "time": "2021-05-14T05:39:59+00:00"
        }
    ],
    "packages-dev": [],
    "aliases": [],
    "minimum-stability": "stable",
    "stability-flags": [],
    "prefer-stable": false,
    "prefer-lowest": false,
    "platform": [],
    "platform-dev": [],
    "plugin-api-version": "2.3.0"
}
